# This file was autogenerated by Stack.
# You should not edit this file by hand.
# For more information, please see the documentation at:
#   https://docs.haskellstack.org/en/stable/lock_files

packages:
- completed:
    hackage: random-shuffle-0.0.4@sha256:d0b9783c30208d1ce05caa05139fb00372802edb6c678b73d61b5eb4eebb3aba,818
    pantry-tree:
      sha256: e6e1c894e726443bc7165618de6745812610e70f0df22dbe5c130bafee2c507b
      size: 226
  original:
    hackage: random-shuffle-0.0.4
- completed:
    hackage: h-raylib-4.6.0.5@sha256:94c3a27e0569f9601a428e561b21740530d75edf65ccb0433f796a98e513be7f,6124
    pantry-tree:
      sha256: 2b936c8b56732bfba6195b1cca65916cd760b5d83b642829b2dd265dfe5ec87f
      size: 26162
  original:
    hackage: h-raylib-4.6.0.5
- completed:
    hackage: mtl-2.3.1@sha256:5377696d7315e2ef31a8d15d67b22d733c20cac2caf8b26756ff8524c8217e6d,1868
    pantry-tree:
      sha256: ac3cf1dc9ef397512d4bf8f2c3fbe4d64fb8aabd253288b34bf86c09ae234d4f
      size: 1853
  original:
    hackage: mtl-2.3.1
- completed:
    hackage: exceptions-0.10.7@sha256:60ccc2277f8fa98a1a03c42afd9c589ba33ce208eaaef7d69bfbb42ce09d1816,2803
    pantry-tree:
      sha256: d120a93fe716375208630bd9a2079d325d230dfa4d4909c00ac8d110da42c05c
      size: 739
  original:
    hackage: exceptions-0.10.7
snapshots:
- completed:
    sha256: c4381351ba5837a6356fcc0ebeb7a61fdcaf3a085c903a6f730f56b131d5cb58
    size: 639143
    url: https://raw.githubusercontent.com/commercialhaskell/stackage-snapshots/master/lts/21/1.yaml
  original: lts-21.1
