# This file was autogenerated by Stack.
# You should not edit this file by hand.
# For more information, please see the documentation at:
#   https://docs.haskellstack.org/en/stable/lock_files

packages:
- completed:
    hackage: random-shuffle-0.0.4@sha256:d0b9783c30208d1ce05caa05139fb00372802edb6c678b73d61b5eb4eebb3aba,818
    pantry-tree:
      sha256: e6e1c894e726443bc7165618de6745812610e70f0df22dbe5c130bafee2c507b
      size: 226
  original:
    hackage: random-shuffle-0.0.4
- completed:
    hackage: h-raylib-4.6.0.5@sha256:94c3a27e0569f9601a428e561b21740530d75edf65ccb0433f796a98e513be7f,6124
    pantry-tree:
      sha256: 2b936c8b56732bfba6195b1cca65916cd760b5d83b642829b2dd265dfe5ec87f
      size: 26162
  original:
    hackage: h-raylib-4.6.0.5
snapshots:
- completed:
    sha256: af5d667f6096e535b9c725a72cffe0f6c060e0568d9f9eeda04caee70d0d9d2d
    size: 649133
    url: https://raw.githubusercontent.com/commercialhaskell/stackage-snapshots/master/lts/20/12.yaml
  original:
    url: https://raw.githubusercontent.com/commercialhaskell/stackage-snapshots/master/lts/20/12.yaml
